
Microsoft Visual Studio Solution File, Format Version 12.00
# Visual Studio Version 17
VisualStudioVersion = 17.0.31903.59
MinimumVisualStudioVersion = 10.0.40219.1
Project("{FAE04EC0-301F-11D3-BF4B-00C04F79EFBC}") = "UrlShortener.WebApi", "UrlShortener.WebApi\UrlShortener.WebApi.csproj", "{531A9806-D58C-4D12-AAA9-767816C827EC}"
EndProject
Project("{2150E333-8FDC-42A3-9474-1A3956D46DE8}") = "src", "src", "{A2B4475D-070F-41A0-A354-8A9AC8061CB9}"
EndProject
Project("{FAE04EC0-301F-11D3-BF4B-00C04F79EFBC}") = "UrlShortener.Application", "UrlShortener.Application\UrlShortener.Application.csproj", "{742B811D-EDBC-46BE-94B1-E5F9FA9E2EB7}"
EndProject
Project("{2150E333-8FDC-42A3-9474-1A3956D46DE8}") = "tests", "tests", "{6988B351-CA59-46C6-B448-33FED97563A0}"
EndProject
Project("{FAE04EC0-301F-11D3-BF4B-00C04F79EFBC}") = "UrlShortener.WebApiTests", "..\tests\UrlShortener.WebApiTests\UrlShortener.WebApiTests.csproj", "{028507B2-4FD6-4D1D-AA87-07FC047B1B26}"
EndProject
Project("{FAE04EC0-301F-11D3-BF4B-00C04F79EFBC}") = "UrlShortener.ApplicationTests", "..\tests\UrlShortener.ApplicationTests\UrlShortener.ApplicationTests.csproj", "{97145137-D5CD-4C54-BC57-C16B73AFD4C0}"
EndProject
Project("{FAE04EC0-301F-11D3-BF4B-00C04F79EFBC}") = "UrlShortener.InfrastructureTests", "..\tests\UrlShortener.InfrastructureTests\UrlShortener.InfrastructureTests.csproj", "{E856C4A1-0F56-40F5-ADC9-465B9C773572}"
EndProject
Project("{FAE04EC0-301F-11D3-BF4B-00C04F79EFBC}") = "UrlShortener.Infrastructure", "UrlShortener.Infrastructure\UrlShortener.Infrastructure.csproj", "{2E873E62-A444-4051-9FE2-762EB00976F5}"
EndProject
Project("{FAE04EC0-301F-11D3-BF4B-00C04F79EFBC}") = "UrlShortener.Service", "UrlShortener.Service\UrlShortener.Service.csproj", "{AA588593-A09B-4B9B-86B0-10632B1AAED6}"
EndProject
Project("{FAE04EC0-301F-11D3-BF4B-00C04F79EFBC}") = "UrlShortener.ServiceTests", "..\tests\UrlShortener.ServiceTests\UrlShortener.ServiceTests.csproj", "{AC2A99DD-281F-428F-AF06-3EEC78D4C472}"
EndProject
Global
	GlobalSection(SolutionConfigurationPlatforms) = preSolution
		Debug|Any CPU = Debug|Any CPU
		Release|Any CPU = Release|Any CPU
	EndGlobalSection
	GlobalSection(SolutionProperties) = preSolution
		HideSolutionNode = FALSE
	EndGlobalSection
	GlobalSection(ProjectConfigurationPlatforms) = postSolution
		{531A9806-D58C-4D12-AAA9-767816C827EC}.Debug|Any CPU.ActiveCfg = Debug|Any CPU
		{531A9806-D58C-4D12-AAA9-767816C827EC}.Debug|Any CPU.Build.0 = Debug|Any CPU
		{531A9806-D58C-4D12-AAA9-767816C827EC}.Release|Any CPU.ActiveCfg = Release|Any CPU
		{531A9806-D58C-4D12-AAA9-767816C827EC}.Release|Any CPU.Build.0 = Release|Any CPU
		{742B811D-EDBC-46BE-94B1-E5F9FA9E2EB7}.Debug|Any CPU.ActiveCfg = Debug|Any CPU
		{742B811D-EDBC-46BE-94B1-E5F9FA9E2EB7}.Debug|Any CPU.Build.0 = Debug|Any CPU
		{742B811D-EDBC-46BE-94B1-E5F9FA9E2EB7}.Release|Any CPU.ActiveCfg = Release|Any CPU
		{742B811D-EDBC-46BE-94B1-E5F9FA9E2EB7}.Release|Any CPU.Build.0 = Release|Any CPU
		{028507B2-4FD6-4D1D-AA87-07FC047B1B26}.Debug|Any CPU.ActiveCfg = Debug|Any CPU
		{028507B2-4FD6-4D1D-AA87-07FC047B1B26}.Debug|Any CPU.Build.0 = Debug|Any CPU
		{028507B2-4FD6-4D1D-AA87-07FC047B1B26}.Release|Any CPU.ActiveCfg = Release|Any CPU
		{028507B2-4FD6-4D1D-AA87-07FC047B1B26}.Release|Any CPU.Build.0 = Release|Any CPU
		{97145137-D5CD-4C54-BC57-C16B73AFD4C0}.Debug|Any CPU.ActiveCfg = Debug|Any CPU
		{97145137-D5CD-4C54-BC57-C16B73AFD4C0}.Debug|Any CPU.Build.0 = Debug|Any CPU
		{97145137-D5CD-4C54-BC57-C16B73AFD4C0}.Release|Any CPU.ActiveCfg = Release|Any CPU
		{97145137-D5CD-4C54-BC57-C16B73AFD4C0}.Release|Any CPU.Build.0 = Release|Any CPU
		{E856C4A1-0F56-40F5-ADC9-465B9C773572}.Debug|Any CPU.ActiveCfg = Debug|Any CPU
		{E856C4A1-0F56-40F5-ADC9-465B9C773572}.Debug|Any CPU.Build.0 = Debug|Any CPU
		{E856C4A1-0F56-40F5-ADC9-465B9C773572}.Release|Any CPU.ActiveCfg = Release|Any CPU
		{E856C4A1-0F56-40F5-ADC9-465B9C773572}.Release|Any CPU.Build.0 = Release|Any CPU
		{2E873E62-A444-4051-9FE2-762EB00976F5}.Debug|Any CPU.ActiveCfg = Debug|Any CPU
		{2E873E62-A444-4051-9FE2-762EB00976F5}.Debug|Any CPU.Build.0 = Debug|Any CPU
		{2E873E62-A444-4051-9FE2-762EB00976F5}.Release|Any CPU.ActiveCfg = Release|Any CPU
		{2E873E62-A444-4051-9FE2-762EB00976F5}.Release|Any CPU.Build.0 = Release|Any CPU
		{AA588593-A09B-4B9B-86B0-10632B1AAED6}.Debug|Any CPU.ActiveCfg = Debug|Any CPU
		{AA588593-A09B-4B9B-86B0-10632B1AAED6}.Debug|Any CPU.Build.0 = Debug|Any CPU
		{AA588593-A09B-4B9B-86B0-10632B1AAED6}.Release|Any CPU.ActiveCfg = Release|Any CPU
		{AA588593-A09B-4B9B-86B0-10632B1AAED6}.Release|Any CPU.Build.0 = Release|Any CPU
		{AC2A99DD-281F-428F-AF06-3EEC78D4C472}.Debug|Any CPU.ActiveCfg = Debug|Any CPU
		{AC2A99DD-281F-428F-AF06-3EEC78D4C472}.Debug|Any CPU.Build.0 = Debug|Any CPU
		{AC2A99DD-281F-428F-AF06-3EEC78D4C472}.Release|Any CPU.ActiveCfg = Release|Any CPU
		{AC2A99DD-281F-428F-AF06-3EEC78D4C472}.Release|Any CPU.Build.0 = Release|Any CPU
	EndGlobalSection
	GlobalSection(NestedProjects) = preSolution
		{531A9806-D58C-4D12-AAA9-767816C827EC} = {A2B4475D-070F-41A0-A354-8A9AC8061CB9}
		{742B811D-EDBC-46BE-94B1-E5F9FA9E2EB7} = {A2B4475D-070F-41A0-A354-8A9AC8061CB9}
		{028507B2-4FD6-4D1D-AA87-07FC047B1B26} = {6988B351-CA59-46C6-B448-33FED97563A0}
		{97145137-D5CD-4C54-BC57-C16B73AFD4C0} = {6988B351-CA59-46C6-B448-33FED97563A0}
		{E856C4A1-0F56-40F5-ADC9-465B9C773572} = {6988B351-CA59-46C6-B448-33FED97563A0}
		{2E873E62-A444-4051-9FE2-762EB00976F5} = {A2B4475D-070F-41A0-A354-8A9AC8061CB9}
		{AA588593-A09B-4B9B-86B0-10632B1AAED6} = {A2B4475D-070F-41A0-A354-8A9AC8061CB9}
		{AC2A99DD-281F-428F-AF06-3EEC78D4C472} = {6988B351-CA59-46C6-B448-33FED97563A0}
	EndGlobalSection
EndGlobal
